
Microsoft Visual Studio Solution File, Format Version 12.00
# Visual Studio Version 17
VisualStudioVersion = 17.4.33205.214
MinimumVisualStudioVersion = 10.0.40219.1
Project("{FAE04EC0-301F-11D3-BF4B-00C04F79EFBC}") = "Ranker", "Ranker\Ranker.csproj", "{680AD2A1-58D0-4FA1-9844-716F9F4ADD37}"
EndProject
Global
	GlobalSection(SolutionConfigurationPlatforms) = preSolution
		Debug|Any CPU = Debug|Any CPU
		Release|Any CPU = Release|Any CPU
	EndGlobalSection
	GlobalSection(ProjectConfigurationPlatforms) = postSolution
		{680AD2A1-58D0-4FA1-9844-716F9F4ADD37}.Debug|Any CPU.ActiveCfg = Debug|Any CPU
		{680AD2A1-58D0-4FA1-9844-716F9F4ADD37}.Debug|Any CPU.Build.0 = Debug|Any CPU
		{680AD2A1-58D0-4FA1-9844-716F9F4ADD37}.Release|Any CPU.ActiveCfg = Release|Any CPU
		{680AD2A1-58D0-4FA1-9844-716F9F4ADD37}.Release|Any CPU.Build.0 = Release|Any CPU
	EndGlobalSection
	GlobalSection(SolutionProperties) = preSolution
		HideSolutionNode = FALSE
	EndGlobalSection
	GlobalSection(ExtensibilityGlobals) = postSolution
		SolutionGuid = {FDBE17A4-2D41-464D-9FD4-0BE8F1B66D84}
	EndGlobalSection
EndGlobal
